
Microsoft Visual Studio Solution File, Format Version 12.00
# Visual Studio Version 16
VisualStudioVersion = 16.0.31321.278
MinimumVisualStudioVersion = 10.0.40219.1
Project("{FAE04EC0-301F-11D3-BF4B-00C04F79EFBC}") = "DictionaryOfEnglishWords", "DictionaryOfEnglishWords\DictionaryOfEnglishWords.csproj", "{3A3E526C-386E-4E14-B2BB-E5F6B1F79372}"
EndProject
Global
	GlobalSection(SolutionConfigurationPlatforms) = preSolution
		Debug|Any CPU = Debug|Any CPU
		Release|Any CPU = Release|Any CPU
	EndGlobalSection
	GlobalSection(ProjectConfigurationPlatforms) = postSolution
		{3A3E526C-386E-4E14-B2BB-E5F6B1F79372}.Debug|Any CPU.ActiveCfg = Debug|Any CPU
		{3A3E526C-386E-4E14-B2BB-E5F6B1F79372}.Debug|Any CPU.Build.0 = Debug|Any CPU
		{3A3E526C-386E-4E14-B2BB-E5F6B1F79372}.Release|Any CPU.ActiveCfg = Release|Any CPU
		{3A3E526C-386E-4E14-B2BB-E5F6B1F79372}.Release|Any CPU.Build.0 = Release|Any CPU
	EndGlobalSection
	GlobalSection(SolutionProperties) = preSolution
		HideSolutionNode = FALSE
	EndGlobalSection
	GlobalSection(ExtensibilityGlobals) = postSolution
		SolutionGuid = {0ADB90E2-24D1-469F-ADC0-1CEE1EF3102D}
	EndGlobalSection
EndGlobal
